
Microsoft Visual Studio Solution File, Format Version 12.00
# Visual Studio Version 16
VisualStudioVersion = 16.0.32106.194
MinimumVisualStudioVersion = 10.0.40219.1
Project("{2150E333-8FDC-42A3-9474-1A3956D46DE8}") = "Engine", "Engine", "{46B30008-CEB8-42D3-98AC-9BA650497AF0}"
EndProject
Project("{2150E333-8FDC-42A3-9474-1A3956D46DE8}") = "Framework", "Framework", "{0375EFA9-787A-4CA6-A716-6C33E5C25E9B}"
EndProject
Project("{2150E333-8FDC-42A3-9474-1A3956D46DE8}") = "VGP242", "VGP242", "{5A3BA667-4598-45F6-B66D-81F12ACB610F}"
EndProject
Project("{8BC9CEB8-8B4A-11D0-8D11-00A0C91BC942}") = "Core", "..\Framework\Core\Core.vcxproj", "{C42692FD-92DC-44BB-ACCB-62FE4299CD79}"
EndProject
Project("{8BC9CEB8-8B4A-11D0-8D11-00A0C91BC942}") = "VGP242", "..\VGP242\VGP242\VGP242.vcxproj", "{2601D98B-4D17-4A37-8433-212F6FCE0245}"
EndProject
Project("{8BC9CEB8-8B4A-11D0-8D11-00A0C91BC942}") = "Math", "..\Framework\Math\Math.vcxproj", "{A7A01193-849B-4166-8CC6-A2E8EF546AA8}"
EndProject
Project("{2150E333-8FDC-42A3-9474-1A3956D46DE8}") = "UnitTest", "UnitTest", "{D2C8062C-0AC1-4910-814B-D13E4E8AC25E}"
EndProject
Project("{8BC9CEB8-8B4A-11D0-8D11-00A0C91BC942}") = "MathTest", "..\UnitTest\MathTest\MathTest.vcxproj", "{0027C90F-A3F0-4303-801A-B92317467135}"
EndProject
Project("{8BC9CEB8-8B4A-11D0-8D11-00A0C91BC942}") = "HelloWindow", "..\VGP242\HelloWindow\HelloWindow.vcxproj", "{8CE75686-3725-4711-A70F-D11221820702}"
EndProject
Project("{8BC9CEB8-8B4A-11D0-8D11-00A0C91BC942}") = "AndrewEngine", "..\Engine\AndrewEngine\AndrewEngine.vcxproj", "{E5249030-8B6B-4DB0-B56E-B7E5A7786D7B}"
EndProject
Project("{8BC9CEB8-8B4A-11D0-8D11-00A0C91BC942}") = "Graphics", "..\Framework\Graphics\Graphics.vcxproj", "{345AFC98-2699-48CE-89AB-01255B80D031}"
EndProject
Project("{8BC9CEB8-8B4A-11D0-8D11-00A0C91BC942}") = "HelloGraphics", "..\VGP242\HelloGraphics\HelloGraphics.vcxproj", "{C5FF7658-2838-45BC-9AA5-AAA192381E58}"
EndProject
Project("{8BC9CEB8-8B4A-11D0-8D11-00A0C91BC942}") = "Input", "..\Framework\Input\Input.vcxproj", "{3629F01A-6FED-42EB-B308-E9F7F1346EAF}"
EndProject
Project("{2150E333-8FDC-42A3-9474-1A3956D46DE8}") = "External", "External", "{34D28FF4-3BEC-41DE-9BAA-0743E62E7F66}"
EndProject
Project("{8BC9CEB8-8B4A-11D0-8D11-00A0C91BC942}") = "HelloShapes", "..\VGP242\HelloShapes\HelloShapes.vcxproj", "{C7FFEBE6-1A11-4A99-971B-275FAE20FFB2}"
EndProject
Project("{2150E333-8FDC-42A3-9474-1A3956D46DE8}") = "Assets", "Assets", "{F0DA4A4A-8FE0-4BF7-84BD-702759D4ED33}"
EndProject
Project("{8BC9CEB8-8B4A-11D0-8D11-00A0C91BC942}") = "HelloMeshBuilder", "..\VGP242\HelloMeshBuilder\HelloMeshBuilder.vcxproj", "{61F82A7A-2C72-436E-B126-36B1B964AA23}"
EndProject
Project("{8BC9CEB8-8B4A-11D0-8D11-00A0C91BC942}") = "DirectXTK_Desktop_2019", "..\External\DirectXTK\DirectXTK_Desktop_2019.vcxproj", "{E0B52AE7-E160-4D32-BF3F-910B785E5A8E}"
EndProject
Project("{2150E333-8FDC-42A3-9474-1A3956D46DE8}") = "Shaders", "Shaders", "{AE8A666E-F424-491C-96F1-B0B58A884D14}"
	ProjectSection(SolutionItems) = preProject
		..\Assets\Shaders\CelShading.fx = ..\Assets\Shaders\CelShading.fx
		..\Assets\Shaders\DoLighting.fx = ..\Assets\Shaders\DoLighting.fx
		..\Assets\Shaders\DoNothing.fx = ..\Assets\Shaders\DoNothing.fx
		..\Assets\Shaders\DoSomething.fx = ..\Assets\Shaders\DoSomething.fx
		..\Assets\Shaders\DoTexturing.fx = ..\Assets\Shaders\DoTexturing.fx
		..\Assets\Shaders\DoTransform.fx = ..\Assets\Shaders\DoTransform.fx
		..\Assets\Shaders\PostProcessing.fx = ..\Assets\Shaders\PostProcessing.fx
		..\Assets\Shaders\SimpleDraw.fx = ..\Assets\Shaders\SimpleDraw.fx
		..\Assets\Shaders\Standard.fx = ..\Assets\Shaders\Standard.fx
	EndProjectSection
EndProject
Project("{8BC9CEB8-8B4A-11D0-8D11-00A0C91BC942}") = "HelloCube", "HelloCube\HelloCube.vcxproj", "{23FAA57A-53FB-41A7-A42C-210B0BB95E1C}"
EndProject
Project("{8BC9CEB8-8B4A-11D0-8D11-00A0C91BC942}") = "HelloTextures", "..\VGP242\HelloTextures\HelloTextures.vcxproj", "{F0AB4302-471F-4139-A7FC-77F5D7403471}"
EndProject
Project("{2150E333-8FDC-42A3-9474-1A3956D46DE8}") = "Textures", "Textures", "{E79475C1-F375-4233-9809-1C91C1793A9B}"
EndProject
Project("{8BC9CEB8-8B4A-11D0-8D11-00A0C91BC942}") = "08_HelloSimpleDraw", "..\VGP330\08_HelloSimpleDraw\08_HelloSimpleDraw.vcxproj", "{E7B37822-0CED-468E-A16B-B7D280119CBD}"
EndProject
Project("{2150E333-8FDC-42A3-9474-1A3956D46DE8}") = "VGP330", "VGP330", "{5BFDE44A-BD6E-467F-A0BB-5333F22A2D0B}"
EndProject
Project("{8BC9CEB8-8B4A-11D0-8D11-00A0C91BC942}") = "ImGui", "..\External\ImGui\ImGui.vcxproj", "{200CAB31-10ED-419A-BE5D-B96CA2D4AFA4}"
EndProject
Project("{8BC9CEB8-8B4A-11D0-8D11-00A0C91BC942}") = "09_HelloLighting", "..\VGP330\09_HelloLighting\09_HelloLighting.vcxproj", "{7C932E41-098D-4849-925D-6D41B8CA1010}"
EndProject
Project("{8BC9CEB8-8B4A-11D0-8D11-00A0C91BC942}") = "10_HelloPostProcessing", "..\VGP330\10_HelloPostProcessing\10_HelloPostProcessing.vcxproj", "{F401B738-334D-4C0C-B125-467300733EE8}"
EndProject
Global
	GlobalSection(SolutionConfigurationPlatforms) = preSolution
		Debug|x64 = Debug|x64
		Debug|x86 = Debug|x86
		Release|x64 = Release|x64
		Release|x86 = Release|x86
	EndGlobalSection
	GlobalSection(ProjectConfigurationPlatforms) = postSolution
		{C42692FD-92DC-44BB-ACCB-62FE4299CD79}.Debug|x64.ActiveCfg = Debug|x64
		{C42692FD-92DC-44BB-ACCB-62FE4299CD79}.Debug|x64.Build.0 = Debug|x64
		{C42692FD-92DC-44BB-ACCB-62FE4299CD79}.Debug|x86.ActiveCfg = Debug|Win32
		{C42692FD-92DC-44BB-ACCB-62FE4299CD79}.Debug|x86.Build.0 = Debug|Win32
		{C42692FD-92DC-44BB-ACCB-62FE4299CD79}.Release|x64.ActiveCfg = Release|x64
		{C42692FD-92DC-44BB-ACCB-62FE4299CD79}.Release|x64.Build.0 = Release|x64
		{C42692FD-92DC-44BB-ACCB-62FE4299CD79}.Release|x86.ActiveCfg = Release|Win32
		{C42692FD-92DC-44BB-ACCB-62FE4299CD79}.Release|x86.Build.0 = Release|Win32
		{2601D98B-4D17-4A37-8433-212F6FCE0245}.Debug|x64.ActiveCfg = Debug|x64
		{2601D98B-4D17-4A37-8433-212F6FCE0245}.Debug|x64.Build.0 = Debug|x64
		{2601D98B-4D17-4A37-8433-212F6FCE0245}.Debug|x86.ActiveCfg = Debug|Win32
		{2601D98B-4D17-4A37-8433-212F6FCE0245}.Debug|x86.Build.0 = Debug|Win32
		{2601D98B-4D17-4A37-8433-212F6FCE0245}.Release|x64.ActiveCfg = Release|x64
		{2601D98B-4D17-4A37-8433-212F6FCE0245}.Release|x64.Build.0 = Release|x64
		{2601D98B-4D17-4A37-8433-212F6FCE0245}.Release|x86.ActiveCfg = Release|Win32
		{2601D98B-4D17-4A37-8433-212F6FCE0245}.Release|x86.Build.0 = Release|Win32
		{A7A01193-849B-4166-8CC6-A2E8EF546AA8}.Debug|x64.ActiveCfg = Debug|x64
		{A7A01193-849B-4166-8CC6-A2E8EF546AA8}.Debug|x64.Build.0 = Debug|x64
		{A7A01193-849B-4166-8CC6-A2E8EF546AA8}.Debug|x86.ActiveCfg = Debug|Win32
		{A7A01193-849B-4166-8CC6-A2E8EF546AA8}.Debug|x86.Build.0 = Debug|Win32
		{A7A01193-849B-4166-8CC6-A2E8EF546AA8}.Release|x64.ActiveCfg = Release|x64
		{A7A01193-849B-4166-8CC6-A2E8EF546AA8}.Release|x64.Build.0 = Release|x64
		{A7A01193-849B-4166-8CC6-A2E8EF546AA8}.Release|x86.ActiveCfg = Release|Win32
		{A7A01193-849B-4166-8CC6-A2E8EF546AA8}.Release|x86.Build.0 = Release|Win32
		{0027C90F-A3F0-4303-801A-B92317467135}.Debug|x64.ActiveCfg = Debug|x64
		{0027C90F-A3F0-4303-801A-B92317467135}.Debug|x64.Build.0 = Debug|x64
		{0027C90F-A3F0-4303-801A-B92317467135}.Debug|x86.ActiveCfg = Debug|Win32
		{0027C90F-A3F0-4303-801A-B92317467135}.Debug|x86.Build.0 = Debug|Win32
		{0027C90F-A3F0-4303-801A-B92317467135}.Release|x64.ActiveCfg = Release|x64
		{0027C90F-A3F0-4303-801A-B92317467135}.Release|x64.Build.0 = Release|x64
		{0027C90F-A3F0-4303-801A-B92317467135}.Release|x86.ActiveCfg = Release|Win32
		{0027C90F-A3F0-4303-801A-B92317467135}.Release|x86.Build.0 = Release|Win32
		{8CE75686-3725-4711-A70F-D11221820702}.Debug|x64.ActiveCfg = Debug|x64
		{8CE75686-3725-4711-A70F-D11221820702}.Debug|x64.Build.0 = Debug|x64
		{8CE75686-3725-4711-A70F-D11221820702}.Debug|x86.ActiveCfg = Debug|Win32
		{8CE75686-3725-4711-A70F-D11221820702}.Debug|x86.Build.0 = Debug|Win32
		{8CE75686-3725-4711-A70F-D11221820702}.Release|x64.ActiveCfg = Release|x64
		{8CE75686-3725-4711-A70F-D11221820702}.Release|x64.Build.0 = Release|x64
		{8CE75686-3725-4711-A70F-D11221820702}.Release|x86.ActiveCfg = Release|Win32
		{8CE75686-3725-4711-A70F-D11221820702}.Release|x86.Build.0 = Release|Win32
		{E5249030-8B6B-4DB0-B56E-B7E5A7786D7B}.Debug|x64.ActiveCfg = Debug|x64
		{E5249030-8B6B-4DB0-B56E-B7E5A7786D7B}.Debug|x64.Build.0 = Debug|x64
		{E5249030-8B6B-4DB0-B56E-B7E5A7786D7B}.Debug|x86.ActiveCfg = Debug|Win32
		{E5249030-8B6B-4DB0-B56E-B7E5A7786D7B}.Debug|x86.Build.0 = Debug|Win32
		{E5249030-8B6B-4DB0-B56E-B7E5A7786D7B}.Release|x64.ActiveCfg = Release|x64
		{E5249030-8B6B-4DB0-B56E-B7E5A7786D7B}.Release|x64.Build.0 = Release|x64
		{E5249030-8B6B-4DB0-B56E-B7E5A7786D7B}.Release|x86.ActiveCfg = Release|Win32
		{E5249030-8B6B-4DB0-B56E-B7E5A7786D7B}.Release|x86.Build.0 = Release|Win32
		{345AFC98-2699-48CE-89AB-01255B80D031}.Debug|x64.ActiveCfg = Debug|x64
		{345AFC98-2699-48CE-89AB-01255B80D031}.Debug|x64.Build.0 = Debug|x64
		{345AFC98-2699-48CE-89AB-01255B80D031}.Debug|x86.ActiveCfg = Debug|Win32
		{345AFC98-2699-48CE-89AB-01255B80D031}.Debug|x86.Build.0 = Debug|Win32
		{345AFC98-2699-48CE-89AB-01255B80D031}.Release|x64.ActiveCfg = Release|x64
		{345AFC98-2699-48CE-89AB-01255B80D031}.Release|x64.Build.0 = Release|x64
		{345AFC98-2699-48CE-89AB-01255B80D031}.Release|x86.ActiveCfg = Release|Win32
		{345AFC98-2699-48CE-89AB-01255B80D031}.Release|x86.Build.0 = Release|Win32
		{C5FF7658-2838-45BC-9AA5-AAA192381E58}.Debug|x64.ActiveCfg = Debug|x64
		{C5FF7658-2838-45BC-9AA5-AAA192381E58}.Debug|x64.Build.0 = Debug|x64
		{C5FF7658-2838-45BC-9AA5-AAA192381E58}.Debug|x86.ActiveCfg = Debug|Win32
		{C5FF7658-2838-45BC-9AA5-AAA192381E58}.Debug|x86.Build.0 = Debug|Win32
		{C5FF7658-2838-45BC-9AA5-AAA192381E58}.Release|x64.ActiveCfg = Release|x64
		{C5FF7658-2838-45BC-9AA5-AAA192381E58}.Release|x64.Build.0 = Release|x64
		{C5FF7658-2838-45BC-9AA5-AAA192381E58}.Release|x86.ActiveCfg = Release|Win32
		{C5FF7658-2838-45BC-9AA5-AAA192381E58}.Release|x86.Build.0 = Release|Win32
		{3629F01A-6FED-42EB-B308-E9F7F1346EAF}.Debug|x64.ActiveCfg = Debug|x64
		{3629F01A-6FED-42EB-B308-E9F7F1346EAF}.Debug|x64.Build.0 = Debug|x64
		{3629F01A-6FED-42EB-B308-E9F7F1346EAF}.Debug|x86.ActiveCfg = Debug|Win32
		{3629F01A-6FED-42EB-B308-E9F7F1346EAF}.Debug|x86.Build.0 = Debug|Win32
		{3629F01A-6FED-42EB-B308-E9F7F1346EAF}.Release|x64.ActiveCfg = Release|x64
		{3629F01A-6FED-42EB-B308-E9F7F1346EAF}.Release|x64.Build.0 = Release|x64
		{3629F01A-6FED-42EB-B308-E9F7F1346EAF}.Release|x86.ActiveCfg = Release|Win32
		{3629F01A-6FED-42EB-B308-E9F7F1346EAF}.Release|x86.Build.0 = Release|Win32
		{C7FFEBE6-1A11-4A99-971B-275FAE20FFB2}.Debug|x64.ActiveCfg = Debug|x64
		{C7FFEBE6-1A11-4A99-971B-275FAE20FFB2}.Debug|x64.Build.0 = Debug|x64
		{C7FFEBE6-1A11-4A99-971B-275FAE20FFB2}.Debug|x86.ActiveCfg = Debug|Win32
		{C7FFEBE6-1A11-4A99-971B-275FAE20FFB2}.Debug|x86.Build.0 = Debug|Win32
		{C7FFEBE6-1A11-4A99-971B-275FAE20FFB2}.Release|x64.ActiveCfg = Release|x64
		{C7FFEBE6-1A11-4A99-971B-275FAE20FFB2}.Release|x64.Build.0 = Release|x64
		{C7FFEBE6-1A11-4A99-971B-275FAE20FFB2}.Release|x86.ActiveCfg = Release|Win32
		{C7FFEBE6-1A11-4A99-971B-275FAE20FFB2}.Release|x86.Build.0 = Release|Win32
		{61F82A7A-2C72-436E-B126-36B1B964AA23}.Debug|x64.ActiveCfg = Debug|x64
		{61F82A7A-2C72-436E-B126-36B1B964AA23}.Debug|x64.Build.0 = Debug|x64
		{61F82A7A-2C72-436E-B126-36B1B964AA23}.Debug|x86.ActiveCfg = Debug|Win32
		{61F82A7A-2C72-436E-B126-36B1B964AA23}.Debug|x86.Build.0 = Debug|Win32
		{61F82A7A-2C72-436E-B126-36B1B964AA23}.Release|x64.ActiveCfg = Release|x64
		{61F82A7A-2C72-436E-B126-36B1B964AA23}.Release|x64.Build.0 = Release|x64
		{61F82A7A-2C72-436E-B126-36B1B964AA23}.Release|x86.ActiveCfg = Release|Win32
		{61F82A7A-2C72-436E-B126-36B1B964AA23}.Release|x86.Build.0 = Release|Win32
		{E0B52AE7-E160-4D32-BF3F-910B785E5A8E}.Debug|x64.ActiveCfg = Debug|x64
		{E0B52AE7-E160-4D32-BF3F-910B785E5A8E}.Debug|x64.Build.0 = Debug|x64
		{E0B52AE7-E160-4D32-BF3F-910B785E5A8E}.Debug|x86.ActiveCfg = Debug|Win32
		{E0B52AE7-E160-4D32-BF3F-910B785E5A8E}.Debug|x86.Build.0 = Debug|Win32
		{E0B52AE7-E160-4D32-BF3F-910B785E5A8E}.Release|x64.ActiveCfg = Release|x64
		{E0B52AE7-E160-4D32-BF3F-910B785E5A8E}.Release|x64.Build.0 = Release|x64
		{E0B52AE7-E160-4D32-BF3F-910B785E5A8E}.Release|x86.ActiveCfg = Release|Win32
		{E0B52AE7-E160-4D32-BF3F-910B785E5A8E}.Release|x86.Build.0 = Release|Win32
		{23FAA57A-53FB-41A7-A42C-210B0BB95E1C}.Debug|x64.ActiveCfg = Debug|x64
		{23FAA57A-53FB-41A7-A42C-210B0BB95E1C}.Debug|x64.Build.0 = Debug|x64
		{23FAA57A-53FB-41A7-A42C-210B0BB95E1C}.Debug|x86.ActiveCfg = Debug|Win32
		{23FAA57A-53FB-41A7-A42C-210B0BB95E1C}.Debug|x86.Build.0 = Debug|Win32
		{23FAA57A-53FB-41A7-A42C-210B0BB95E1C}.Release|x64.ActiveCfg = Release|x64
		{23FAA57A-53FB-41A7-A42C-210B0BB95E1C}.Release|x64.Build.0 = Release|x64
		{23FAA57A-53FB-41A7-A42C-210B0BB95E1C}.Release|x86.ActiveCfg = Release|Win32
		{23FAA57A-53FB-41A7-A42C-210B0BB95E1C}.Release|x86.Build.0 = Release|Win32
		{F0AB4302-471F-4139-A7FC-77F5D7403471}.Debug|x64.ActiveCfg = Debug|x64
		{F0AB4302-471F-4139-A7FC-77F5D7403471}.Debug|x64.Build.0 = Debug|x64
		{F0AB4302-471F-4139-A7FC-77F5D7403471}.Debug|x86.ActiveCfg = Debug|Win32
		{F0AB4302-471F-4139-A7FC-77F5D7403471}.Debug|x86.Build.0 = Debug|Win32
		{F0AB4302-471F-4139-A7FC-77F5D7403471}.Release|x64.ActiveCfg = Release|x64
		{F0AB4302-471F-4139-A7FC-77F5D7403471}.Release|x64.Build.0 = Release|x64
		{F0AB4302-471F-4139-A7FC-77F5D7403471}.Release|x86.ActiveCfg = Release|Win32
		{F0AB4302-471F-4139-A7FC-77F5D7403471}.Release|x86.Build.0 = Release|Win32
		{E7B37822-0CED-468E-A16B-B7D280119CBD}.Debug|x64.ActiveCfg = Debug|x64
		{E7B37822-0CED-468E-A16B-B7D280119CBD}.Debug|x64.Build.0 = Debug|x64
		{E7B37822-0CED-468E-A16B-B7D280119CBD}.Debug|x86.ActiveCfg = Debug|Win32
		{E7B37822-0CED-468E-A16B-B7D280119CBD}.Debug|x86.Build.0 = Debug|Win32
		{E7B37822-0CED-468E-A16B-B7D280119CBD}.Release|x64.ActiveCfg = Release|x64
		{E7B37822-0CED-468E-A16B-B7D280119CBD}.Release|x64.Build.0 = Release|x64
		{E7B37822-0CED-468E-A16B-B7D280119CBD}.Release|x86.ActiveCfg = Release|Win32
		{E7B37822-0CED-468E-A16B-B7D280119CBD}.Release|x86.Build.0 = Release|Win32
		{200CAB31-10ED-419A-BE5D-B96CA2D4AFA4}.Debug|x64.ActiveCfg = Debug|x64
		{200CAB31-10ED-419A-BE5D-B96CA2D4AFA4}.Debug|x64.Build.0 = Debug|x64
		{200CAB31-10ED-419A-BE5D-B96CA2D4AFA4}.Debug|x86.ActiveCfg = Debug|Win32
		{200CAB31-10ED-419A-BE5D-B96CA2D4AFA4}.Debug|x86.Build.0 = Debug|Win32
		{200CAB31-10ED-419A-BE5D-B96CA2D4AFA4}.Release|x64.ActiveCfg = Release|x64
		{200CAB31-10ED-419A-BE5D-B96CA2D4AFA4}.Release|x64.Build.0 = Release|x64
		{200CAB31-10ED-419A-BE5D-B96CA2D4AFA4}.Release|x86.ActiveCfg = Release|Win32
		{200CAB31-10ED-419A-BE5D-B96CA2D4AFA4}.Release|x86.Build.0 = Release|Win32
		{7C932E41-098D-4849-925D-6D41B8CA1010}.Debug|x64.ActiveCfg = Debug|x64
		{7C932E41-098D-4849-925D-6D41B8CA1010}.Debug|x64.Build.0 = Debug|x64
		{7C932E41-098D-4849-925D-6D41B8CA1010}.Debug|x86.ActiveCfg = Debug|Win32
		{7C932E41-098D-4849-925D-6D41B8CA1010}.Debug|x86.Build.0 = Debug|Win32
		{7C932E41-098D-4849-925D-6D41B8CA1010}.Release|x64.ActiveCfg = Release|x64
		{7C932E41-098D-4849-925D-6D41B8CA1010}.Release|x64.Build.0 = Release|x64
		{7C932E41-098D-4849-925D-6D41B8CA1010}.Release|x86.ActiveCfg = Release|Win32
		{7C932E41-098D-4849-925D-6D41B8CA1010}.Release|x86.Build.0 = Release|Win32
		{F401B738-334D-4C0C-B125-467300733EE8}.Debug|x64.ActiveCfg = Debug|x64
		{F401B738-334D-4C0C-B125-467300733EE8}.Debug|x64.Build.0 = Debug|x64
		{F401B738-334D-4C0C-B125-467300733EE8}.Debug|x86.ActiveCfg = Debug|Win32
		{F401B738-334D-4C0C-B125-467300733EE8}.Debug|x86.Build.0 = Debug|Win32
		{F401B738-334D-4C0C-B125-467300733EE8}.Release|x64.ActiveCfg = Release|x64
		{F401B738-334D-4C0C-B125-467300733EE8}.Release|x64.Build.0 = Release|x64
		{F401B738-334D-4C0C-B125-467300733EE8}.Release|x86.ActiveCfg = Release|Win32
		{F401B738-334D-4C0C-B125-467300733EE8}.Release|x86.Build.0 = Release|Win32
	EndGlobalSection
	GlobalSection(SolutionProperties) = preSolution
		HideSolutionNode = FALSE
	EndGlobalSection
	GlobalSection(NestedProjects) = preSolution
		{C42692FD-92DC-44BB-ACCB-62FE4299CD79} = {0375EFA9-787A-4CA6-A716-6C33E5C25E9B}
		{2601D98B-4D17-4A37-8433-212F6FCE0245} = {5A3BA667-4598-45F6-B66D-81F12ACB610F}
		{A7A01193-849B-4166-8CC6-A2E8EF546AA8} = {0375EFA9-787A-4CA6-A716-6C33E5C25E9B}
		{0027C90F-A3F0-4303-801A-B92317467135} = {D2C8062C-0AC1-4910-814B-D13E4E8AC25E}
		{8CE75686-3725-4711-A70F-D11221820702} = {5A3BA667-4598-45F6-B66D-81F12ACB610F}
		{E5249030-8B6B-4DB0-B56E-B7E5A7786D7B} = {46B30008-CEB8-42D3-98AC-9BA650497AF0}
		{345AFC98-2699-48CE-89AB-01255B80D031} = {0375EFA9-787A-4CA6-A716-6C33E5C25E9B}
		{C5FF7658-2838-45BC-9AA5-AAA192381E58} = {5A3BA667-4598-45F6-B66D-81F12ACB610F}
		{3629F01A-6FED-42EB-B308-E9F7F1346EAF} = {0375EFA9-787A-4CA6-A716-6C33E5C25E9B}
		{C7FFEBE6-1A11-4A99-971B-275FAE20FFB2} = {5A3BA667-4598-45F6-B66D-81F12ACB610F}
		{61F82A7A-2C72-436E-B126-36B1B964AA23} = {5A3BA667-4598-45F6-B66D-81F12ACB610F}
		{E0B52AE7-E160-4D32-BF3F-910B785E5A8E} = {34D28FF4-3BEC-41DE-9BAA-0743E62E7F66}
		{AE8A666E-F424-491C-96F1-B0B58A884D14} = {F0DA4A4A-8FE0-4BF7-84BD-702759D4ED33}
		{23FAA57A-53FB-41A7-A42C-210B0BB95E1C} = {5A3BA667-4598-45F6-B66D-81F12ACB610F}
		{F0AB4302-471F-4139-A7FC-77F5D7403471} = {5A3BA667-4598-45F6-B66D-81F12ACB610F}
		{E79475C1-F375-4233-9809-1C91C1793A9B} = {F0DA4A4A-8FE0-4BF7-84BD-702759D4ED33}
		{E7B37822-0CED-468E-A16B-B7D280119CBD} = {5BFDE44A-BD6E-467F-A0BB-5333F22A2D0B}
		{200CAB31-10ED-419A-BE5D-B96CA2D4AFA4} = {34D28FF4-3BEC-41DE-9BAA-0743E62E7F66}
		{7C932E41-098D-4849-925D-6D41B8CA1010} = {5BFDE44A-BD6E-467F-A0BB-5333F22A2D0B}
		{F401B738-334D-4C0C-B125-467300733EE8} = {5BFDE44A-BD6E-467F-A0BB-5333F22A2D0B}
	EndGlobalSection
	GlobalSection(ExtensibilityGlobals) = postSolution
		SolutionGuid = {CD4003E1-A166-410F-9CB2-7443B726D9DE}
	EndGlobalSection
EndGlobal
